
Microsoft Visual Studio Solution File, Format Version 12.00
Project("{FAE04EC0-301F-11D3-BF4B-00C04F79EFBC}") = "CoreApp", "CoreApp\CoreApp.csproj", "{AF9581B6-C894-4A15-8ED2-6B9F1F85F3DA}"
EndProject
Project("{FAE04EC0-301F-11D3-BF4B-00C04F79EFBC}") = "Infrastucture", "Infrastucture\Infrastucture.csproj", "{4C65097A-EE7A-4856-BACC-ED2D08EF874C}"
EndProject
Project("{FAE04EC0-301F-11D3-BF4B-00C04F79EFBC}") = "WebApi", "WebApi\WebApi.csproj", "{2B784D16-B6AC-4F85-B9D3-7116FA2AD8B4}"
EndProject
Global
	GlobalSection(SolutionConfigurationPlatforms) = preSolution
		Debug|Any CPU = Debug|Any CPU
		Release|Any CPU = Release|Any CPU
	EndGlobalSection
	GlobalSection(ProjectConfigurationPlatforms) = postSolution
		{AF9581B6-C894-4A15-8ED2-6B9F1F85F3DA}.Debug|Any CPU.ActiveCfg = Debug|Any CPU
		{AF9581B6-C894-4A15-8ED2-6B9F1F85F3DA}.Debug|Any CPU.Build.0 = Debug|Any CPU
		{AF9581B6-C894-4A15-8ED2-6B9F1F85F3DA}.Release|Any CPU.ActiveCfg = Release|Any CPU
		{AF9581B6-C894-4A15-8ED2-6B9F1F85F3DA}.Release|Any CPU.Build.0 = Release|Any CPU
		{4C65097A-EE7A-4856-BACC-ED2D08EF874C}.Debug|Any CPU.ActiveCfg = Debug|Any CPU
		{4C65097A-EE7A-4856-BACC-ED2D08EF874C}.Debug|Any CPU.Build.0 = Debug|Any CPU
		{4C65097A-EE7A-4856-BACC-ED2D08EF874C}.Release|Any CPU.ActiveCfg = Release|Any CPU
		{4C65097A-EE7A-4856-BACC-ED2D08EF874C}.Release|Any CPU.Build.0 = Release|Any CPU
		{2B784D16-B6AC-4F85-B9D3-7116FA2AD8B4}.Debug|Any CPU.ActiveCfg = Debug|Any CPU
		{2B784D16-B6AC-4F85-B9D3-7116FA2AD8B4}.Debug|Any CPU.Build.0 = Debug|Any CPU
		{2B784D16-B6AC-4F85-B9D3-7116FA2AD8B4}.Release|Any CPU.ActiveCfg = Release|Any CPU
		{2B784D16-B6AC-4F85-B9D3-7116FA2AD8B4}.Release|Any CPU.Build.0 = Release|Any CPU
	EndGlobalSection
EndGlobal
